// !$*UTF8*$!
{
	archiveVersion = 1;
	classes = {
	};
	objectVersion = 52;
	objects = {

/* Begin PBXBuildFile section */
		A900FF5524A9676300846681 /* ReSwift in Frameworks */ = {isa = PBXBuildFile; productRef = A900FF5424A9676300846681 /* ReSwift */; };
		A900FF5924A9B61500846681 /* HomeListStore.swift in Sources */ = {isa = PBXBuildFile; fileRef = A900FF5824A9B61500846681 /* HomeListStore.swift */; };
		A900FF5B24A9B67C00846681 /* HomeListState.swift in Sources */ = {isa = PBXBuildFile; fileRef = A900FF5A24A9B67C00846681 /* HomeListState.swift */; };
		A900FF5E24AA148600846681 /* HomeListActions.swift in Sources */ = {isa = PBXBuildFile; fileRef = A900FF5D24AA148600846681 /* HomeListActions.swift */; };
		A900FF6024AA14A700846681 /* HomeListReducer.swift in Sources */ = {isa = PBXBuildFile; fileRef = A900FF5F24AA14A700846681 /* HomeListReducer.swift */; };
		A900FF7024AA1D6100846681 /* HomeListActions.swift in Sources */ = {isa = PBXBuildFile; fileRef = A900FF5D24AA148600846681 /* HomeListActions.swift */; };
		A900FF7724AA24E500846681 /* HomeManagerDelegateHandler.swift in Sources */ = {isa = PBXBuildFile; fileRef = A900FF7624AA24E500846681 /* HomeManagerDelegateHandler.swift */; };
		A900FF7924AA30C000846681 /* State.swift in Sources */ = {isa = PBXBuildFile; fileRef = A900FF7824AA30C000846681 /* State.swift */; };
		A900FF7B24AA3A5D00846681 /* HomeList.swift in Sources */ = {isa = PBXBuildFile; fileRef = A900FF7A24AA3A5D00846681 /* HomeList.swift */; };
		A915509524AABB4F00F336A0 /* ObservableState.swift in Sources */ = {isa = PBXBuildFile; fileRef = A915509424AABB4F00F336A0 /* ObservableState.swift */; };
		A98309C524A85144001EDC26 /* Tests_iOS.swift in Sources */ = {isa = PBXBuildFile; fileRef = A98309C424A85144001EDC26 /* Tests_iOS.swift */; };
		A98309D024A85144001EDC26 /* Tests_macOS.swift in Sources */ = {isa = PBXBuildFile; fileRef = A98309CF24A85144001EDC26 /* Tests_macOS.swift */; };
		A98309D224A85144001EDC26 /* WatchcatApp.swift in Sources */ = {isa = PBXBuildFile; fileRef = A98309A924A85143001EDC26 /* WatchcatApp.swift */; };
		A98309D324A85144001EDC26 /* WatchcatApp.swift in Sources */ = {isa = PBXBuildFile; fileRef = A98309A924A85143001EDC26 /* WatchcatApp.swift */; };
		A98309D424A85144001EDC26 /* ContentView.swift in Sources */ = {isa = PBXBuildFile; fileRef = A98309AA24A85143001EDC26 /* ContentView.swift */; };
		A98309D624A85144001EDC26 /* Assets.xcassets in Resources */ = {isa = PBXBuildFile; fileRef = A98309AB24A85144001EDC26 /* Assets.xcassets */; };
		A98309D724A85144001EDC26 /* Assets.xcassets in Resources */ = {isa = PBXBuildFile; fileRef = A98309AB24A85144001EDC26 /* Assets.xcassets */; };
		A98309E924A852D6001EDC26 /* HomeKit.framework in Frameworks */ = {isa = PBXBuildFile; fileRef = A98309E824A852D6001EDC26 /* HomeKit.framework */; };
		A98D3B9024AB91B500507E0F /* SensorBookmarkListState.swift in Sources */ = {isa = PBXBuildFile; fileRef = A98D3B8F24AB91B500507E0F /* SensorBookmarkListState.swift */; };
		A98D3B9224AB91F900507E0F /* SensorBookmark.swift in Sources */ = {isa = PBXBuildFile; fileRef = A98D3B9124AB91F900507E0F /* SensorBookmark.swift */; };
		A98D3B9424AB927400507E0F /* SensorBookmarkListStore.swift in Sources */ = {isa = PBXBuildFile; fileRef = A98D3B9324AB927400507E0F /* SensorBookmarkListStore.swift */; };
		A98D3B9624AB92A500507E0F /* SensorBookmarkListReducer.swift in Sources */ = {isa = PBXBuildFile; fileRef = A98D3B9524AB92A500507E0F /* SensorBookmarkListReducer.swift */; };
		A9E8CA8324AC101D005A9D6C /* SensorBookmarkListActions.swift in Sources */ = {isa = PBXBuildFile; fileRef = A9E8CA8224AC101D005A9D6C /* SensorBookmarkListActions.swift */; };
		A9E8CA8424AC101D005A9D6C /* SensorBookmarkListActions.swift in Sources */ = {isa = PBXBuildFile; fileRef = A9E8CA8224AC101D005A9D6C /* SensorBookmarkListActions.swift */; };
/* End PBXBuildFile section */

/* Begin PBXContainerItemProxy section */
		A98309C124A85144001EDC26 /* PBXContainerItemProxy */ = {
			isa = PBXContainerItemProxy;
			containerPortal = A98309A424A85143001EDC26 /* Project object */;
			proxyType = 1;
			remoteGlobalIDString = A98309AF24A85144001EDC26;
			remoteInfo = iOS;
		};
		A98309CC24A85144001EDC26 /* PBXContainerItemProxy */ = {
			isa = PBXContainerItemProxy;
			containerPortal = A98309A424A85143001EDC26 /* Project object */;
			proxyType = 1;
			remoteGlobalIDString = A98309B724A85144001EDC26;
			remoteInfo = macOS;
		};
/* End PBXContainerItemProxy section */

/* Begin PBXFileReference section */
		A900FF5824A9B61500846681 /* HomeListStore.swift */ = {isa = PBXFileReference; lastKnownFileType = sourcecode.swift; path = HomeListStore.swift; sourceTree = "<group>"; };
		A900FF5A24A9B67C00846681 /* HomeListState.swift */ = {isa = PBXFileReference; lastKnownFileType = sourcecode.swift; path = HomeListState.swift; sourceTree = "<group>"; };
		A900FF5D24AA148600846681 /* HomeListActions.swift */ = {isa = PBXFileReference; lastKnownFileType = sourcecode.swift; path = HomeListActions.swift; sourceTree = "<group>"; };
		A900FF5F24AA14A700846681 /* HomeListReducer.swift */ = {isa = PBXFileReference; lastKnownFileType = sourcecode.swift; path = HomeListReducer.swift; sourceTree = "<group>"; };
		A900FF7624AA24E500846681 /* HomeManagerDelegateHandler.swift */ = {isa = PBXFileReference; lastKnownFileType = sourcecode.swift; path = HomeManagerDelegateHandler.swift; sourceTree = "<group>"; };
		A900FF7824AA30C000846681 /* State.swift */ = {isa = PBXFileReference; lastKnownFileType = sourcecode.swift; path = State.swift; sourceTree = "<group>"; };
		A900FF7A24AA3A5D00846681 /* HomeList.swift */ = {isa = PBXFileReference; lastKnownFileType = sourcecode.swift; path = HomeList.swift; sourceTree = "<group>"; };
		A915509424AABB4F00F336A0 /* ObservableState.swift */ = {isa = PBXFileReference; lastKnownFileType = sourcecode.swift; path = ObservableState.swift; sourceTree = "<group>"; };
		A98309A924A85143001EDC26 /* WatchcatApp.swift */ = {isa = PBXFileReference; lastKnownFileType = sourcecode.swift; path = WatchcatApp.swift; sourceTree = "<group>"; };
		A98309AA24A85143001EDC26 /* ContentView.swift */ = {isa = PBXFileReference; lastKnownFileType = sourcecode.swift; path = ContentView.swift; sourceTree = "<group>"; };
		A98309AB24A85144001EDC26 /* Assets.xcassets */ = {isa = PBXFileReference; lastKnownFileType = folder.assetcatalog; path = Assets.xcassets; sourceTree = "<group>"; };
		A98309B024A85144001EDC26 /* Watchcat.app */ = {isa = PBXFileReference; explicitFileType = wrapper.application; includeInIndex = 0; path = Watchcat.app; sourceTree = BUILT_PRODUCTS_DIR; };
		A98309B324A85144001EDC26 /* Info.plist */ = {isa = PBXFileReference; lastKnownFileType = text.plist.xml; path = Info.plist; sourceTree = "<group>"; };
		A98309B824A85144001EDC26 /* Watchcat.app */ = {isa = PBXFileReference; explicitFileType = wrapper.application; includeInIndex = 0; path = Watchcat.app; sourceTree = BUILT_PRODUCTS_DIR; };
		A98309BA24A85144001EDC26 /* Info.plist */ = {isa = PBXFileReference; lastKnownFileType = text.plist.xml; path = Info.plist; sourceTree = "<group>"; };
		A98309BB24A85144001EDC26 /* macOS.entitlements */ = {isa = PBXFileReference; lastKnownFileType = text.plist.entitlements; path = macOS.entitlements; sourceTree = "<group>"; };
		A98309C024A85144001EDC26 /* Tests iOS.xctest */ = {isa = PBXFileReference; explicitFileType = wrapper.cfbundle; includeInIndex = 0; path = "Tests iOS.xctest"; sourceTree = BUILT_PRODUCTS_DIR; };
		A98309C424A85144001EDC26 /* Tests_iOS.swift */ = {isa = PBXFileReference; lastKnownFileType = sourcecode.swift; path = Tests_iOS.swift; sourceTree = "<group>"; };
		A98309C624A85144001EDC26 /* Info.plist */ = {isa = PBXFileReference; lastKnownFileType = text.plist.xml; path = Info.plist; sourceTree = "<group>"; };
		A98309CB24A85144001EDC26 /* Tests macOS.xctest */ = {isa = PBXFileReference; explicitFileType = wrapper.cfbundle; includeInIndex = 0; path = "Tests macOS.xctest"; sourceTree = BUILT_PRODUCTS_DIR; };
		A98309CF24A85144001EDC26 /* Tests_macOS.swift */ = {isa = PBXFileReference; lastKnownFileType = sourcecode.swift; path = Tests_macOS.swift; sourceTree = "<group>"; };
		A98309D124A85144001EDC26 /* Info.plist */ = {isa = PBXFileReference; lastKnownFileType = text.plist.xml; path = Info.plist; sourceTree = "<group>"; };
		A98309E624A85154001EDC26 /* Watchcat.entitlements */ = {isa = PBXFileReference; lastKnownFileType = text.plist.entitlements; path = Watchcat.entitlements; sourceTree = "<group>"; };
		A98309E824A852D6001EDC26 /* HomeKit.framework */ = {isa = PBXFileReference; lastKnownFileType = wrapper.framework; name = HomeKit.framework; path = Platforms/iPhoneOS.platform/Developer/SDKs/iPhoneOS14.0.sdk/System/Library/Frameworks/HomeKit.framework; sourceTree = DEVELOPER_DIR; };
		A98D3B8F24AB91B500507E0F /* SensorBookmarkListState.swift */ = {isa = PBXFileReference; lastKnownFileType = sourcecode.swift; path = SensorBookmarkListState.swift; sourceTree = "<group>"; };
		A98D3B9124AB91F900507E0F /* SensorBookmark.swift */ = {isa = PBXFileReference; lastKnownFileType = sourcecode.swift; path = SensorBookmark.swift; sourceTree = "<group>"; };
		A98D3B9324AB927400507E0F /* SensorBookmarkListStore.swift */ = {isa = PBXFileReference; lastKnownFileType = sourcecode.swift; path = SensorBookmarkListStore.swift; sourceTree = "<group>"; };
		A98D3B9524AB92A500507E0F /* SensorBookmarkListReducer.swift */ = {isa = PBXFileReference; lastKnownFileType = sourcecode.swift; path = SensorBookmarkListReducer.swift; sourceTree = "<group>"; };
		A9E8CA8224AC101D005A9D6C /* SensorBookmarkListActions.swift */ = {isa = PBXFileReference; lastKnownFileType = sourcecode.swift; path = SensorBookmarkListActions.swift; sourceTree = "<group>"; };
/* End PBXFileReference section */

/* Begin PBXFrameworksBuildPhase section */
		A98309AD24A85144001EDC26 /* Frameworks */ = {
			isa = PBXFrameworksBuildPhase;
			buildActionMask = 2147483647;
			files = (
				A98309E924A852D6001EDC26 /* HomeKit.framework in Frameworks */,
				A900FF5524A9676300846681 /* ReSwift in Frameworks */,
			);
			runOnlyForDeploymentPostprocessing = 0;
		};
		A98309B524A85144001EDC26 /* Frameworks */ = {
			isa = PBXFrameworksBuildPhase;
			buildActionMask = 2147483647;
			files = (
			);
			runOnlyForDeploymentPostprocessing = 0;
		};
		A98309BD24A85144001EDC26 /* Frameworks */ = {
			isa = PBXFrameworksBuildPhase;
			buildActionMask = 2147483647;
			files = (
			);
			runOnlyForDeploymentPostprocessing = 0;
		};
		A98309C824A85144001EDC26 /* Frameworks */ = {
			isa = PBXFrameworksBuildPhase;
			buildActionMask = 2147483647;
			files = (
			);
			runOnlyForDeploymentPostprocessing = 0;
		};
/* End PBXFrameworksBuildPhase section */

/* Begin PBXGroup section */
		A900FF5624A9B5EB00846681 /* Models */ = {
			isa = PBXGroup;
			children = (
				A900FF7A24AA3A5D00846681 /* HomeList.swift */,
				A98D3B9124AB91F900507E0F /* SensorBookmark.swift */,
			);
			path = Models;
			sourceTree = "<group>";
		};
		A900FF5724A9B60B00846681 /* State */ = {
			isa = PBXGroup;
			children = (
				A900FF5824A9B61500846681 /* HomeListStore.swift */,
				A900FF5A24A9B67C00846681 /* HomeListState.swift */,
				A98D3B9324AB927400507E0F /* SensorBookmarkListStore.swift */,
				A98D3B8F24AB91B500507E0F /* SensorBookmarkListState.swift */,
				A900FF7824AA30C000846681 /* State.swift */,
			);
			path = State;
			sourceTree = "<group>";
		};
		A900FF6F24AA1D5C00846681 /* Actions */ = {
			isa = PBXGroup;
			children = (
				A900FF5D24AA148600846681 /* HomeListActions.swift */,
				A9E8CA8224AC101D005A9D6C /* SensorBookmarkListActions.swift */,
			);
			path = Actions;
			sourceTree = "<group>";
		};
		A900FF7124AA1D6E00846681 /* Reducers */ = {
			isa = PBXGroup;
			children = (
				A900FF5F24AA14A700846681 /* HomeListReducer.swift */,
				A98D3B9524AB92A500507E0F /* SensorBookmarkListReducer.swift */,
			);
			path = Reducers;
			sourceTree = "<group>";
		};
		A900FF7224AA1F9300846681 /* Views */ = {
			isa = PBXGroup;
			children = (
				A98309AA24A85143001EDC26 /* ContentView.swift */,
			);
			path = Views;
			sourceTree = "<group>";
		};
		A900FF7524AA24C200846681 /* DelegateHandlers */ = {
			isa = PBXGroup;
			children = (
				A900FF7624AA24E500846681 /* HomeManagerDelegateHandler.swift */,
			);
			path = DelegateHandlers;
			sourceTree = "<group>";
		};
		A915509324AABB3F00F336A0 /* ObservedObject */ = {
			isa = PBXGroup;
			children = (
				A915509424AABB4F00F336A0 /* ObservableState.swift */,
			);
			path = ObservedObject;
			sourceTree = "<group>";
		};
		A98309A324A85143001EDC26 = {
			isa = PBXGroup;
			children = (
				A98309A824A85143001EDC26 /* Shared */,
				A98309B224A85144001EDC26 /* iOS */,
				A98309B924A85144001EDC26 /* macOS */,
				A98309C324A85144001EDC26 /* Tests iOS */,
				A98309CE24A85144001EDC26 /* Tests macOS */,
				A98309B124A85144001EDC26 /* Products */,
				A98309E724A852D6001EDC26 /* Frameworks */,
			);
			sourceTree = "<group>";
		};
		A98309A824A85143001EDC26 /* Shared */ = {
			isa = PBXGroup;
			children = (
				A900FF6F24AA1D5C00846681 /* Actions */,
				A900FF7524AA24C200846681 /* DelegateHandlers */,
				A900FF5624A9B5EB00846681 /* Models */,
				A915509324AABB3F00F336A0 /* ObservedObject */,
				A900FF7124AA1D6E00846681 /* Reducers */,
				A900FF5724A9B60B00846681 /* State */,
				A900FF7224AA1F9300846681 /* Views */,
				A98309A924A85143001EDC26 /* WatchcatApp.swift */,
				A98309AB24A85144001EDC26 /* Assets.xcassets */,
			);
			path = Shared;
			sourceTree = "<group>";
		};
		A98309B124A85144001EDC26 /* Products */ = {
			isa = PBXGroup;
			children = (
				A98309B024A85144001EDC26 /* Watchcat.app */,
				A98309B824A85144001EDC26 /* Watchcat.app */,
				A98309C024A85144001EDC26 /* Tests iOS.xctest */,
				A98309CB24A85144001EDC26 /* Tests macOS.xctest */,
			);
			name = Products;
			sourceTree = "<group>";
		};
		A98309B224A85144001EDC26 /* iOS */ = {
			isa = PBXGroup;
			children = (
				A98309E624A85154001EDC26 /* Watchcat.entitlements */,
				A98309B324A85144001EDC26 /* Info.plist */,
			);
			path = iOS;
			sourceTree = "<group>";
		};
		A98309B924A85144001EDC26 /* macOS */ = {
			isa = PBXGroup;
			children = (
				A98309BA24A85144001EDC26 /* Info.plist */,
				A98309BB24A85144001EDC26 /* macOS.entitlements */,
			);
			path = macOS;
			sourceTree = "<group>";
		};
		A98309C324A85144001EDC26 /* Tests iOS */ = {
			isa = PBXGroup;
			children = (
				A98309C424A85144001EDC26 /* Tests_iOS.swift */,
				A98309C624A85144001EDC26 /* Info.plist */,
			);
			path = "Tests iOS";
			sourceTree = "<group>";
		};
		A98309CE24A85144001EDC26 /* Tests macOS */ = {
			isa = PBXGroup;
			children = (
				A98309CF24A85144001EDC26 /* Tests_macOS.swift */,
				A98309D124A85144001EDC26 /* Info.plist */,
			);
			path = "Tests macOS";
			sourceTree = "<group>";
		};
		A98309E724A852D6001EDC26 /* Frameworks */ = {
			isa = PBXGroup;
			children = (
				A98309E824A852D6001EDC26 /* HomeKit.framework */,
			);
			name = Frameworks;
			sourceTree = "<group>";
		};
/* End PBXGroup section */

/* Begin PBXNativeTarget section */
		A98309AF24A85144001EDC26 /* iOS */ = {
			isa = PBXNativeTarget;
			buildConfigurationList = A98309DA24A85144001EDC26 /* Build configuration list for PBXNativeTarget "iOS" */;
			buildPhases = (
				A98309AC24A85144001EDC26 /* Sources */,
				A98309AD24A85144001EDC26 /* Frameworks */,
				A98309AE24A85144001EDC26 /* Resources */,
			);
			buildRules = (
			);
			dependencies = (
			);
			name = iOS;
			packageProductDependencies = (
				A900FF5424A9676300846681 /* ReSwift */,
			);
			productName = iOS;
			productReference = A98309B024A85144001EDC26 /* Watchcat.app */;
			productType = "com.apple.product-type.application";
		};
		A98309B724A85144001EDC26 /* macOS */ = {
			isa = PBXNativeTarget;
			buildConfigurationList = A98309DD24A85144001EDC26 /* Build configuration list for PBXNativeTarget "macOS" */;
			buildPhases = (
				A98309B424A85144001EDC26 /* Sources */,
				A98309B524A85144001EDC26 /* Frameworks */,
				A98309B624A85144001EDC26 /* Resources */,
			);
			buildRules = (
			);
			dependencies = (
			);
			name = macOS;
			productName = macOS;
			productReference = A98309B824A85144001EDC26 /* Watchcat.app */;
			productType = "com.apple.product-type.application";
		};
		A98309BF24A85144001EDC26 /* Tests iOS */ = {
			isa = PBXNativeTarget;
			buildConfigurationList = A98309E024A85144001EDC26 /* Build configuration list for PBXNativeTarget "Tests iOS" */;
			buildPhases = (
				A98309BC24A85144001EDC26 /* Sources */,
				A98309BD24A85144001EDC26 /* Frameworks */,
				A98309BE24A85144001EDC26 /* Resources */,
			);
			buildRules = (
			);
			dependencies = (
				A98309C224A85144001EDC26 /* PBXTargetDependency */,
			);
			name = "Tests iOS";
			productName = "Tests iOS";
			productReference = A98309C024A85144001EDC26 /* Tests iOS.xctest */;
			productType = "com.apple.product-type.bundle.ui-testing";
		};
		A98309CA24A85144001EDC26 /* Tests macOS */ = {
			isa = PBXNativeTarget;
			buildConfigurationList = A98309E324A85144001EDC26 /* Build configuration list for PBXNativeTarget "Tests macOS" */;
			buildPhases = (
				A98309C724A85144001EDC26 /* Sources */,
				A98309C824A85144001EDC26 /* Frameworks */,
				A98309C924A85144001EDC26 /* Resources */,
			);
			buildRules = (
			);
			dependencies = (
				A98309CD24A85144001EDC26 /* PBXTargetDependency */,
			);
			name = "Tests macOS";
			productName = "Tests macOS";
			productReference = A98309CB24A85144001EDC26 /* Tests macOS.xctest */;
			productType = "com.apple.product-type.bundle.ui-testing";
		};
/* End PBXNativeTarget section */

/* Begin PBXProject section */
		A98309A424A85143001EDC26 /* Project object */ = {
			isa = PBXProject;
			attributes = {
				LastSwiftUpdateCheck = 1200;
				LastUpgradeCheck = 1200;
				TargetAttributes = {
					A98309AF24A85144001EDC26 = {
						CreatedOnToolsVersion = 12.0;
					};
					A98309B724A85144001EDC26 = {
						CreatedOnToolsVersion = 12.0;
					};
					A98309BF24A85144001EDC26 = {
						CreatedOnToolsVersion = 12.0;
						TestTargetID = A98309AF24A85144001EDC26;
					};
					A98309CA24A85144001EDC26 = {
						CreatedOnToolsVersion = 12.0;
						TestTargetID = A98309B724A85144001EDC26;
					};
				};
			};
			buildConfigurationList = A98309A724A85143001EDC26 /* Build configuration list for PBXProject "Watchcat" */;
			compatibilityVersion = "Xcode 9.3";
			developmentRegion = en;
			hasScannedForEncodings = 0;
			knownRegions = (
				en,
				Base,
			);
			mainGroup = A98309A324A85143001EDC26;
			packageReferences = (
				A900FF5324A9676300846681 /* XCRemoteSwiftPackageReference "ReSwift" */,
			);
			productRefGroup = A98309B124A85144001EDC26 /* Products */;
			projectDirPath = "";
			projectRoot = "";
			targets = (
				A98309AF24A85144001EDC26 /* iOS */,
				A98309B724A85144001EDC26 /* macOS */,
				A98309BF24A85144001EDC26 /* Tests iOS */,
				A98309CA24A85144001EDC26 /* Tests macOS */,
			);
		};
/* End PBXProject section */

/* Begin PBXResourcesBuildPhase section */
		A98309AE24A85144001EDC26 /* Resources */ = {
			isa = PBXResourcesBuildPhase;
			buildActionMask = 2147483647;
			files = (
				A98309D624A85144001EDC26 /* Assets.xcassets in Resources */,
			);
			runOnlyForDeploymentPostprocessing = 0;
		};
		A98309B624A85144001EDC26 /* Resources */ = {
			isa = PBXResourcesBuildPhase;
			buildActionMask = 2147483647;
			files = (
				A98309D724A85144001EDC26 /* Assets.xcassets in Resources */,
			);
			runOnlyForDeploymentPostprocessing = 0;
		};
		A98309BE24A85144001EDC26 /* Resources */ = {
			isa = PBXResourcesBuildPhase;
			buildActionMask = 2147483647;
			files = (
			);
			runOnlyForDeploymentPostprocessing = 0;
		};
		A98309C924A85144001EDC26 /* Resources */ = {
			isa = PBXResourcesBuildPhase;
			buildActionMask = 2147483647;
			files = (
			);
			runOnlyForDeploymentPostprocessing = 0;
		};
/* End PBXResourcesBuildPhase section */

/* Begin PBXSourcesBuildPhase section */
		A98309AC24A85144001EDC26 /* Sources */ = {
			isa = PBXSourcesBuildPhase;
			buildActionMask = 2147483647;
			files = (
				A900FF5B24A9B67C00846681 /* HomeListState.swift in Sources */,
				A98D3B9424AB927400507E0F /* SensorBookmarkListStore.swift in Sources */,
				A98309D424A85144001EDC26 /* ContentView.swift in Sources */,
				A900FF7724AA24E500846681 /* HomeManagerDelegateHandler.swift in Sources */,
				A98D3B9624AB92A500507E0F /* SensorBookmarkListReducer.swift in Sources */,
				A900FF7B24AA3A5D00846681 /* HomeList.swift in Sources */,
				A98D3B9024AB91B500507E0F /* SensorBookmarkListState.swift in Sources */,
				A900FF7924AA30C000846681 /* State.swift in Sources */,
				A900FF5924A9B61500846681 /* HomeListStore.swift in Sources */,
				A98D3B9224AB91F900507E0F /* SensorBookmark.swift in Sources */,
				A98309D224A85144001EDC26 /* WatchcatApp.swift in Sources */,
				A900FF5E24AA148600846681 /* HomeListActions.swift in Sources */,
				A915509524AABB4F00F336A0 /* ObservableState.swift in Sources */,
				A900FF6024AA14A700846681 /* HomeListReducer.swift in Sources */,
				A9E8CA8324AC101D005A9D6C /* SensorBookmarkListActions.swift in Sources */,
			);
			runOnlyForDeploymentPostprocessing = 0;
		};
		A98309B424A85144001EDC26 /* Sources */ = {
			isa = PBXSourcesBuildPhase;
			buildActionMask = 2147483647;
			files = (
				A98309D324A85144001EDC26 /* WatchcatApp.swift in Sources */,
				A900FF7024AA1D6100846681 /* HomeListActions.swift in Sources */,
				A9E8CA8424AC101D005A9D6C /* SensorBookmarkListActions.swift in Sources */,
			);
			runOnlyForDeploymentPostprocessing = 0;
		};
		A98309BC24A85144001EDC26 /* Sources */ = {
			isa = PBXSourcesBuildPhase;
			buildActionMask = 2147483647;
			files = (
				A98309C524A85144001EDC26 /* Tests_iOS.swift in Sources */,
			);
			runOnlyForDeploymentPostprocessing = 0;
		};
		A98309C724A85144001EDC26 /* Sources */ = {
			isa = PBXSourcesBuildPhase;
			buildActionMask = 2147483647;
			files = (
				A98309D024A85144001EDC26 /* Tests_macOS.swift in Sources */,
			);
			runOnlyForDeploymentPostprocessing = 0;
		};
/* End PBXSourcesBuildPhase section */

/* Begin PBXTargetDependency section */
		A98309C224A85144001EDC26 /* PBXTargetDependency */ = {
			isa = PBXTargetDependency;
			target = A98309AF24A85144001EDC26 /* iOS */;
			targetProxy = A98309C124A85144001EDC26 /* PBXContainerItemProxy */;
		};
		A98309CD24A85144001EDC26 /* PBXTargetDependency */ = {
			isa = PBXTargetDependency;
			target = A98309B724A85144001EDC26 /* macOS */;
			targetProxy = A98309CC24A85144001EDC26 /* PBXContainerItemProxy */;
		};
/* End PBXTargetDependency section */

/* Begin XCBuildConfiguration section */
		A98309D824A85144001EDC26 /* Debug */ = {
			isa = XCBuildConfiguration;
			buildSettings = {
				ALWAYS_SEARCH_USER_PATHS = NO;
				CLANG_ANALYZER_NONNULL = YES;
				CLANG_ANALYZER_NUMBER_OBJECT_CONVERSION = YES_AGGRESSIVE;
				CLANG_CXX_LANGUAGE_STANDARD = "gnu++14";
				CLANG_CXX_LIBRARY = "libc++";
				CLANG_ENABLE_MODULES = YES;
				CLANG_ENABLE_OBJC_ARC = YES;
				CLANG_ENABLE_OBJC_WEAK = YES;
				CLANG_WARN_BLOCK_CAPTURE_AUTORELEASING = YES;
				CLANG_WARN_BOOL_CONVERSION = YES;
				CLANG_WARN_COMMA = YES;
				CLANG_WARN_CONSTANT_CONVERSION = YES;
				CLANG_WARN_DEPRECATED_OBJC_IMPLEMENTATIONS = YES;
				CLANG_WARN_DIRECT_OBJC_ISA_USAGE = YES_ERROR;
				CLANG_WARN_DOCUMENTATION_COMMENTS = YES;
				CLANG_WARN_EMPTY_BODY = YES;
				CLANG_WARN_ENUM_CONVERSION = YES;
				CLANG_WARN_INFINITE_RECURSION = YES;
				CLANG_WARN_INT_CONVERSION = YES;
				CLANG_WARN_NON_LITERAL_NULL_CONVERSION = YES;
				CLANG_WARN_OBJC_IMPLICIT_RETAIN_SELF = YES;
				CLANG_WARN_OBJC_LITERAL_CONVERSION = YES;
				CLANG_WARN_OBJC_ROOT_CLASS = YES_ERROR;
				CLANG_WARN_QUOTED_INCLUDE_IN_FRAMEWORK_HEADER = YES;
				CLANG_WARN_RANGE_LOOP_ANALYSIS = YES;
				CLANG_WARN_STRICT_PROTOTYPES = YES;
				CLANG_WARN_SUSPICIOUS_MOVE = YES;
				CLANG_WARN_UNGUARDED_AVAILABILITY = YES_AGGRESSIVE;
				CLANG_WARN_UNREACHABLE_CODE = YES;
				CLANG_WARN__DUPLICATE_METHOD_MATCH = YES;
				COPY_PHASE_STRIP = NO;
				DEBUG_INFORMATION_FORMAT = dwarf;
				ENABLE_STRICT_OBJC_MSGSEND = YES;
				ENABLE_TESTABILITY = YES;
				GCC_C_LANGUAGE_STANDARD = gnu11;
				GCC_DYNAMIC_NO_PIC = NO;
				GCC_NO_COMMON_BLOCKS = YES;
				GCC_OPTIMIZATION_LEVEL = 0;
				GCC_PREPROCESSOR_DEFINITIONS = (
					"DEBUG=1",
					"$(inherited)",
				);
				GCC_WARN_64_TO_32_BIT_CONVERSION = YES;
				GCC_WARN_ABOUT_RETURN_TYPE = YES_ERROR;
				GCC_WARN_UNDECLARED_SELECTOR = YES;
				GCC_WARN_UNINITIALIZED_AUTOS = YES_AGGRESSIVE;
				GCC_WARN_UNUSED_FUNCTION = YES;
				GCC_WARN_UNUSED_VARIABLE = YES;
				MTL_ENABLE_DEBUG_INFO = INCLUDE_SOURCE;
				MTL_FAST_MATH = YES;
				ONLY_ACTIVE_ARCH = YES;
				SWIFT_ACTIVE_COMPILATION_CONDITIONS = DEBUG;
				SWIFT_OPTIMIZATION_LEVEL = "-Onone";
			};
			name = Debug;
		};
		A98309D924A85144001EDC26 /* Release */ = {
			isa = XCBuildConfiguration;
			buildSettings = {
				ALWAYS_SEARCH_USER_PATHS = NO;
				CLANG_ANALYZER_NONNULL = YES;
				CLANG_ANALYZER_NUMBER_OBJECT_CONVERSION = YES_AGGRESSIVE;
				CLANG_CXX_LANGUAGE_STANDARD = "gnu++14";
				CLANG_CXX_LIBRARY = "libc++";
				CLANG_ENABLE_MODULES = YES;
				CLANG_ENABLE_OBJC_ARC = YES;
				CLANG_ENABLE_OBJC_WEAK = YES;
				CLANG_WARN_BLOCK_CAPTURE_AUTORELEASING = YES;
				CLANG_WARN_BOOL_CONVERSION = YES;
				CLANG_WARN_COMMA = YES;
				CLANG_WARN_CONSTANT_CONVERSION = YES;
				CLANG_WARN_DEPRECATED_OBJC_IMPLEMENTATIONS = YES;
				CLANG_WARN_DIRECT_OBJC_ISA_USAGE = YES_ERROR;
				CLANG_WARN_DOCUMENTATION_COMMENTS = YES;
				CLANG_WARN_EMPTY_BODY = YES;
				CLANG_WARN_ENUM_CONVERSION = YES;
				CLANG_WARN_INFINITE_RECURSION = YES;
				CLANG_WARN_INT_CONVERSION = YES;
				CLANG_WARN_NON_LITERAL_NULL_CONVERSION = YES;
				CLANG_WARN_OBJC_IMPLICIT_RETAIN_SELF = YES;
				CLANG_WARN_OBJC_LITERAL_CONVERSION = YES;
				CLANG_WARN_OBJC_ROOT_CLASS = YES_ERROR;
				CLANG_WARN_QUOTED_INCLUDE_IN_FRAMEWORK_HEADER = YES;
				CLANG_WARN_RANGE_LOOP_ANALYSIS = YES;
				CLANG_WARN_STRICT_PROTOTYPES = YES;
				CLANG_WARN_SUSPICIOUS_MOVE = YES;
				CLANG_WARN_UNGUARDED_AVAILABILITY = YES_AGGRESSIVE;
				CLANG_WARN_UNREACHABLE_CODE = YES;
				CLANG_WARN__DUPLICATE_METHOD_MATCH = YES;
				COPY_PHASE_STRIP = NO;
				DEBUG_INFORMATION_FORMAT = "dwarf-with-dsym";
				ENABLE_NS_ASSERTIONS = NO;
				ENABLE_STRICT_OBJC_MSGSEND = YES;
				GCC_C_LANGUAGE_STANDARD = gnu11;
				GCC_NO_COMMON_BLOCKS = YES;
				GCC_WARN_64_TO_32_BIT_CONVERSION = YES;
				GCC_WARN_ABOUT_RETURN_TYPE = YES_ERROR;
				GCC_WARN_UNDECLARED_SELECTOR = YES;
				GCC_WARN_UNINITIALIZED_AUTOS = YES_AGGRESSIVE;
				GCC_WARN_UNUSED_FUNCTION = YES;
				GCC_WARN_UNUSED_VARIABLE = YES;
				MTL_ENABLE_DEBUG_INFO = NO;
				MTL_FAST_MATH = YES;
				SWIFT_COMPILATION_MODE = wholemodule;
				SWIFT_OPTIMIZATION_LEVEL = "-O";
			};
			name = Release;
		};
		A98309DB24A85144001EDC26 /* Debug */ = {
			isa = XCBuildConfiguration;
			buildSettings = {
				ASSETCATALOG_COMPILER_APPICON_NAME = AppIcon;
				ASSETCATALOG_COMPILER_GLOBAL_ACCENT_COLOR_NAME = AccentColor;
				CODE_SIGN_ENTITLEMENTS = iOS/Watchcat.entitlements;
				CODE_SIGN_STYLE = Automatic;
				DEVELOPMENT_TEAM = 788YH48Y3Q;
				ENABLE_PREVIEWS = YES;
				INFOPLIST_FILE = iOS/Info.plist;
				IPHONEOS_DEPLOYMENT_TARGET = 14.0;
				LD_RUNPATH_SEARCH_PATHS = (
					"$(inherited)",
					"@executable_path/Frameworks",
				);
				PRODUCT_BUNDLE_IDENTIFIER = jp.tetra2000.Watchcat;
				PRODUCT_NAME = Watchcat;
				SDKROOT = iphoneos;
				SUPPORTS_MACCATALYST = YES;
				SWIFT_VERSION = 5.0;
				TARGETED_DEVICE_FAMILY = "1,2";
			};
			name = Debug;
		};
		A98309DC24A85144001EDC26 /* Release */ = {
			isa = XCBuildConfiguration;
			buildSettings = {
				ASSETCATALOG_COMPILER_APPICON_NAME = AppIcon;
				ASSETCATALOG_COMPILER_GLOBAL_ACCENT_COLOR_NAME = AccentColor;
				CODE_SIGN_ENTITLEMENTS = iOS/Watchcat.entitlements;
				CODE_SIGN_STYLE = Automatic;
				DEVELOPMENT_TEAM = 788YH48Y3Q;
				ENABLE_PREVIEWS = YES;
				INFOPLIST_FILE = iOS/Info.plist;
				IPHONEOS_DEPLOYMENT_TARGET = 14.0;
				LD_RUNPATH_SEARCH_PATHS = (
					"$(inherited)",
					"@executable_path/Frameworks",
				);
				PRODUCT_BUNDLE_IDENTIFIER = jp.tetra2000.Watchcat;
				PRODUCT_NAME = Watchcat;
				SDKROOT = iphoneos;
				SUPPORTS_MACCATALYST = YES;
				SWIFT_VERSION = 5.0;
				TARGETED_DEVICE_FAMILY = "1,2";
				VALIDATE_PRODUCT = YES;
			};
			name = Release;
		};
		A98309DE24A85144001EDC26 /* Debug */ = {
			isa = XCBuildConfiguration;
			buildSettings = {
				ASSETCATALOG_COMPILER_APPICON_NAME = AppIcon;
				ASSETCATALOG_COMPILER_GLOBAL_ACCENT_COLOR_NAME = AccentColor;
				CODE_SIGN_ENTITLEMENTS = macOS/macOS.entitlements;
				CODE_SIGN_STYLE = Automatic;
				COMBINE_HIDPI_IMAGES = YES;
				DEVELOPMENT_TEAM = 788YH48Y3Q;
				ENABLE_HARDENED_RUNTIME = YES;
				ENABLE_PREVIEWS = YES;
				INFOPLIST_FILE = macOS/Info.plist;
				LD_RUNPATH_SEARCH_PATHS = (
					"$(inherited)",
					"@executable_path/../Frameworks",
				);
				MACOSX_DEPLOYMENT_TARGET = 10.16;
				PRODUCT_BUNDLE_IDENTIFIER = jp.tetra2000.Watchcat;
				PRODUCT_NAME = Watchcat;
				SDKROOT = macosx;
				SWIFT_VERSION = 5.0;
			};
			name = Debug;
		};
		A98309DF24A85144001EDC26 /* Release */ = {
			isa = XCBuildConfiguration;
			buildSettings = {
				ASSETCATALOG_COMPILER_APPICON_NAME = AppIcon;
				ASSETCATALOG_COMPILER_GLOBAL_ACCENT_COLOR_NAME = AccentColor;
				CODE_SIGN_ENTITLEMENTS = macOS/macOS.entitlements;
				CODE_SIGN_STYLE = Automatic;
				COMBINE_HIDPI_IMAGES = YES;
				DEVELOPMENT_TEAM = 788YH48Y3Q;
				ENABLE_HARDENED_RUNTIME = YES;
				ENABLE_PREVIEWS = YES;
				INFOPLIST_FILE = macOS/Info.plist;
				LD_RUNPATH_SEARCH_PATHS = (
					"$(inherited)",
					"@executable_path/../Frameworks",
				);
				MACOSX_DEPLOYMENT_TARGET = 10.16;
				PRODUCT_BUNDLE_IDENTIFIER = jp.tetra2000.Watchcat;
				PRODUCT_NAME = Watchcat;
				SDKROOT = macosx;
				SWIFT_VERSION = 5.0;
			};
			name = Release;
		};
		A98309E124A85144001EDC26 /* Debug */ = {
			isa = XCBuildConfiguration;
			buildSettings = {
				ALWAYS_EMBED_SWIFT_STANDARD_LIBRARIES = YES;
				CODE_SIGN_STYLE = Automatic;
				DEVELOPMENT_TEAM = 788YH48Y3Q;
				INFOPLIST_FILE = "Tests iOS/Info.plist";
				IPHONEOS_DEPLOYMENT_TARGET = 14.0;
				LD_RUNPATH_SEARCH_PATHS = (
					"$(inherited)",
					"@executable_path/Frameworks",
					"@loader_path/Frameworks",
				);
				PRODUCT_BUNDLE_IDENTIFIER = "jp.tetra2000.Tests-iOS";
				PRODUCT_NAME = "$(TARGET_NAME)";
				SDKROOT = iphoneos;
				SWIFT_VERSION = 5.0;
				TARGETED_DEVICE_FAMILY = "1,2";
				TEST_TARGET_NAME = iOS;
			};
			name = Debug;
		};
		A98309E224A85144001EDC26 /* Release */ = {
			isa = XCBuildConfiguration;
			buildSettings = {
				ALWAYS_EMBED_SWIFT_STANDARD_LIBRARIES = YES;
				CODE_SIGN_STYLE = Automatic;
				DEVELOPMENT_TEAM = 788YH48Y3Q;
				INFOPLIST_FILE = "Tests iOS/Info.plist";
				IPHONEOS_DEPLOYMENT_TARGET = 14.0;
				LD_RUNPATH_SEARCH_PATHS = (
					"$(inherited)",
					"@executable_path/Frameworks",
					"@loader_path/Frameworks",
				);
				PRODUCT_BUNDLE_IDENTIFIER = "jp.tetra2000.Tests-iOS";
				PRODUCT_NAME = "$(TARGET_NAME)";
				SDKROOT = iphoneos;
				SWIFT_VERSION = 5.0;
				TARGETED_DEVICE_FAMILY = "1,2";
				TEST_TARGET_NAME = iOS;
				VALIDATE_PRODUCT = YES;
			};
			name = Release;
		};
		A98309E424A85144001EDC26 /* Debug */ = {
			isa = XCBuildConfiguration;
			buildSettings = {
				ALWAYS_EMBED_SWIFT_STANDARD_LIBRARIES = YES;
				CODE_SIGN_STYLE = Automatic;
				COMBINE_HIDPI_IMAGES = YES;
				DEVELOPMENT_TEAM = 788YH48Y3Q;
				INFOPLIST_FILE = "Tests macOS/Info.plist";
				LD_RUNPATH_SEARCH_PATHS = (
					"$(inherited)",
					"@executable_path/../Frameworks",
					"@loader_path/../Frameworks",
				);
				MACOSX_DEPLOYMENT_TARGET = 10.15;
				PRODUCT_BUNDLE_IDENTIFIER = "jp.tetra2000.Tests-macOS";
				PRODUCT_NAME = "$(TARGET_NAME)";
				SDKROOT = macosx;
				SWIFT_VERSION = 5.0;
				TEST_TARGET_NAME = macOS;
			};
			name = Debug;
		};
		A98309E524A85144001EDC26 /* Release */ = {
			isa = XCBuildConfiguration;
			buildSettings = {
				ALWAYS_EMBED_SWIFT_STANDARD_LIBRARIES = YES;
				CODE_SIGN_STYLE = Automatic;
				COMBINE_HIDPI_IMAGES = YES;
				DEVELOPMENT_TEAM = 788YH48Y3Q;
				INFOPLIST_FILE = "Tests macOS/Info.plist";
				LD_RUNPATH_SEARCH_PATHS = (
					"$(inherited)",
					"@executable_path/../Frameworks",
					"@loader_path/../Frameworks",
				);
				MACOSX_DEPLOYMENT_TARGET = 10.15;
				PRODUCT_BUNDLE_IDENTIFIER = "jp.tetra2000.Tests-macOS";
				PRODUCT_NAME = "$(TARGET_NAME)";
				SDKROOT = macosx;
				SWIFT_VERSION = 5.0;
				TEST_TARGET_NAME = macOS;
			};
			name = Release;
		};
/* End XCBuildConfiguration section */

/* Begin XCConfigurationList section */
		A98309A724A85143001EDC26 /* Build configuration list for PBXProject "Watchcat" */ = {
			isa = XCConfigurationList;
			buildConfigurations = (
				A98309D824A85144001EDC26 /* Debug */,
				A98309D924A85144001EDC26 /* Release */,
			);
			defaultConfigurationIsVisible = 0;
			defaultConfigurationName = Release;
		};
		A98309DA24A85144001EDC26 /* Build configuration list for PBXNativeTarget "iOS" */ = {
			isa = XCConfigurationList;
			buildConfigurations = (
				A98309DB24A85144001EDC26 /* Debug */,
				A98309DC24A85144001EDC26 /* Release */,
			);
			defaultConfigurationIsVisible = 0;
			defaultConfigurationName = Release;
		};
		A98309DD24A85144001EDC26 /* Build configuration list for PBXNativeTarget "macOS" */ = {
			isa = XCConfigurationList;
			buildConfigurations = (
				A98309DE24A85144001EDC26 /* Debug */,
				A98309DF24A85144001EDC26 /* Release */,
			);
			defaultConfigurationIsVisible = 0;
			defaultConfigurationName = Release;
		};
		A98309E024A85144001EDC26 /* Build configuration list for PBXNativeTarget "Tests iOS" */ = {
			isa = XCConfigurationList;
			buildConfigurations = (
				A98309E124A85144001EDC26 /* Debug */,
				A98309E224A85144001EDC26 /* Release */,
			);
			defaultConfigurationIsVisible = 0;
			defaultConfigurationName = Release;
		};
		A98309E324A85144001EDC26 /* Build configuration list for PBXNativeTarget "Tests macOS" */ = {
			isa = XCConfigurationList;
			buildConfigurations = (
				A98309E424A85144001EDC26 /* Debug */,
				A98309E524A85144001EDC26 /* Release */,
			);
			defaultConfigurationIsVisible = 0;
			defaultConfigurationName = Release;
		};
/* End XCConfigurationList section */

/* Begin XCRemoteSwiftPackageReference section */
		A900FF5324A9676300846681 /* XCRemoteSwiftPackageReference "ReSwift" */ = {
			isa = XCRemoteSwiftPackageReference;
			repositoryURL = "https://github.com/ReSwift/ReSwift.git";
			requirement = {
				kind = upToNextMajorVersion;
				minimumVersion = 5.0.0;
			};
		};
/* End XCRemoteSwiftPackageReference section */

/* Begin XCSwiftPackageProductDependency section */
		A900FF5424A9676300846681 /* ReSwift */ = {
			isa = XCSwiftPackageProductDependency;
			package = A900FF5324A9676300846681 /* XCRemoteSwiftPackageReference "ReSwift" */;
			productName = ReSwift;
		};
/* End XCSwiftPackageProductDependency section */
	};
	rootObject = A98309A424A85143001EDC26 /* Project object */;
}
